
Microsoft Visual Studio Solution File, Format Version 12.00
# Visual Studio Version 17
VisualStudioVersion = 17.0.31903.59
MinimumVisualStudioVersion = 10.0.40219.1
Project("{FAE04EC0-301F-11D3-BF4B-00C04F79EFBC}") = "API", "server\API\API.csproj", "{460A668B-0FC9-4CE9-ABAF-1BCFA37DA88D}"
EndProject
Project("{2150E333-8FDC-42A3-9474-1A3956D46DE8}") = "Tests", "Tests", "{6396417C-162E-4E1F-B31C-F83FF9281ABD}"
EndProject
Project("{2150E333-8FDC-42A3-9474-1A3956D46DE8}") = "server", "server", "{24AD2FDB-7015-4B33-A03E-01A1D2DC1A76}"
EndProject
Project("{FAE04EC0-301F-11D3-BF4B-00C04F79EFBC}") = "DataAccess", "server\DataAccess\DataAccess.csproj", "{1589F889-E4D3-4720-A523-7279F3ED6563}"
EndProject
Project("{FAE04EC0-301F-11D3-BF4B-00C04F79EFBC}") = "DataAccessTests", "server\DataAccessTests\DataAccessTests.csproj", "{D9796C3A-02D6-4A3A-AF25-47C1FBD3998D}"
EndProject
Project("{FAE04EC0-301F-11D3-BF4B-00C04F79EFBC}") = "Service", "server\Service\Service.csproj", "{504AA188-B2D8-4793-A405-55983E802D4D}"
EndProject
Project("{FAE04EC0-301F-11D3-BF4B-00C04F79EFBC}") = "ServiceTests", "server\ServiceTests\ServiceTests.csproj", "{6DACD84D-4D18-4594-B5C4-411A8ADC4299}"
EndProject
Project("{FAE04EC0-301F-11D3-BF4B-00C04F79EFBC}") = "SharedTestDependencies", "server\SharedTestDependencies\SharedTestDependencies.csproj", "{DDC635AD-1D64-4C62-BDA4-5871E3FB51D2}"
EndProject
Project("{FAE04EC0-301F-11D3-BF4B-00C04F79EFBC}") = "ApiInterationTests", "server\ApiInterationTests\ApiInterationTests.csproj", "{392E6137-1F41-4073-957B-3FEB267D095F}"
EndProject
Global
	GlobalSection(SolutionConfigurationPlatforms) = preSolution
		Debug|Any CPU = Debug|Any CPU
		Release|Any CPU = Release|Any CPU
	EndGlobalSection
	GlobalSection(SolutionProperties) = preSolution
		HideSolutionNode = FALSE
	EndGlobalSection
	GlobalSection(ProjectConfigurationPlatforms) = postSolution
		{460A668B-0FC9-4CE9-ABAF-1BCFA37DA88D}.Debug|Any CPU.ActiveCfg = Debug|Any CPU
		{460A668B-0FC9-4CE9-ABAF-1BCFA37DA88D}.Debug|Any CPU.Build.0 = Debug|Any CPU
		{460A668B-0FC9-4CE9-ABAF-1BCFA37DA88D}.Release|Any CPU.ActiveCfg = Release|Any CPU
		{460A668B-0FC9-4CE9-ABAF-1BCFA37DA88D}.Release|Any CPU.Build.0 = Release|Any CPU
		{1589F889-E4D3-4720-A523-7279F3ED6563}.Debug|Any CPU.ActiveCfg = Debug|Any CPU
		{1589F889-E4D3-4720-A523-7279F3ED6563}.Debug|Any CPU.Build.0 = Debug|Any CPU
		{1589F889-E4D3-4720-A523-7279F3ED6563}.Release|Any CPU.ActiveCfg = Release|Any CPU
		{1589F889-E4D3-4720-A523-7279F3ED6563}.Release|Any CPU.Build.0 = Release|Any CPU
		{D9796C3A-02D6-4A3A-AF25-47C1FBD3998D}.Debug|Any CPU.ActiveCfg = Debug|Any CPU
		{D9796C3A-02D6-4A3A-AF25-47C1FBD3998D}.Debug|Any CPU.Build.0 = Debug|Any CPU
		{D9796C3A-02D6-4A3A-AF25-47C1FBD3998D}.Release|Any CPU.ActiveCfg = Release|Any CPU
		{D9796C3A-02D6-4A3A-AF25-47C1FBD3998D}.Release|Any CPU.Build.0 = Release|Any CPU
		{504AA188-B2D8-4793-A405-55983E802D4D}.Debug|Any CPU.ActiveCfg = Debug|Any CPU
		{504AA188-B2D8-4793-A405-55983E802D4D}.Debug|Any CPU.Build.0 = Debug|Any CPU
		{504AA188-B2D8-4793-A405-55983E802D4D}.Release|Any CPU.ActiveCfg = Release|Any CPU
		{504AA188-B2D8-4793-A405-55983E802D4D}.Release|Any CPU.Build.0 = Release|Any CPU
		{6DACD84D-4D18-4594-B5C4-411A8ADC4299}.Debug|Any CPU.ActiveCfg = Debug|Any CPU
		{6DACD84D-4D18-4594-B5C4-411A8ADC4299}.Debug|Any CPU.Build.0 = Debug|Any CPU
		{6DACD84D-4D18-4594-B5C4-411A8ADC4299}.Release|Any CPU.ActiveCfg = Release|Any CPU
		{6DACD84D-4D18-4594-B5C4-411A8ADC4299}.Release|Any CPU.Build.0 = Release|Any CPU
		{DDC635AD-1D64-4C62-BDA4-5871E3FB51D2}.Debug|Any CPU.ActiveCfg = Debug|Any CPU
		{DDC635AD-1D64-4C62-BDA4-5871E3FB51D2}.Debug|Any CPU.Build.0 = Debug|Any CPU
		{DDC635AD-1D64-4C62-BDA4-5871E3FB51D2}.Release|Any CPU.ActiveCfg = Release|Any CPU
		{DDC635AD-1D64-4C62-BDA4-5871E3FB51D2}.Release|Any CPU.Build.0 = Release|Any CPU
		{392E6137-1F41-4073-957B-3FEB267D095F}.Debug|Any CPU.ActiveCfg = Debug|Any CPU
		{392E6137-1F41-4073-957B-3FEB267D095F}.Debug|Any CPU.Build.0 = Debug|Any CPU
		{392E6137-1F41-4073-957B-3FEB267D095F}.Release|Any CPU.ActiveCfg = Release|Any CPU
		{392E6137-1F41-4073-957B-3FEB267D095F}.Release|Any CPU.Build.0 = Release|Any CPU
	EndGlobalSection
	GlobalSection(NestedProjects) = preSolution
		{1589F889-E4D3-4720-A523-7279F3ED6563} = {24AD2FDB-7015-4B33-A03E-01A1D2DC1A76}
		{504AA188-B2D8-4793-A405-55983E802D4D} = {24AD2FDB-7015-4B33-A03E-01A1D2DC1A76}
		{6DACD84D-4D18-4594-B5C4-411A8ADC4299} = {6396417C-162E-4E1F-B31C-F83FF9281ABD}
		{D9796C3A-02D6-4A3A-AF25-47C1FBD3998D} = {6396417C-162E-4E1F-B31C-F83FF9281ABD}
		{460A668B-0FC9-4CE9-ABAF-1BCFA37DA88D} = {24AD2FDB-7015-4B33-A03E-01A1D2DC1A76}
		{6396417C-162E-4E1F-B31C-F83FF9281ABD} = {24AD2FDB-7015-4B33-A03E-01A1D2DC1A76}
		{392E6137-1F41-4073-957B-3FEB267D095F} = {6396417C-162E-4E1F-B31C-F83FF9281ABD}
		{DDC635AD-1D64-4C62-BDA4-5871E3FB51D2} = {6396417C-162E-4E1F-B31C-F83FF9281ABD}
	EndGlobalSection
EndGlobal
